{
  "nodes": {
    "ciel": {
      "inputs": {
        "nix-eda": [
          "librelane",
          "nix-eda"
        ]
      },
      "locked": {
        "lastModified": 1764091696,
        "narHash": "sha256-AWbkHL0zO3tD0mE3dZIcj8mVND7o3imTxOpEfOtlRDI=",
        "owner": "fossi-foundation",
        "repo": "ciel",
        "rev": "afcb23d368614ffa1e7e96584ed33f839c71c576",
        "type": "github"
      },
      "original": {
        "owner": "fossi-foundation",
        "repo": "ciel",
        "type": "github"
      }
    },
    "devshell": {
      "inputs": {
        "nixpkgs": [
          "librelane",
          "nix-eda",
          "nixpkgs"
        ]
      },
      "locked": {
        "lastModified": 1768818222,
        "narHash": "sha256-460jc0+CZfyaO8+w8JNtlClB2n4ui1RbHfPTLkpwhU8=",
        "owner": "numtide",
        "repo": "devshell",
        "rev": "255a2b1725a20d060f566e4755dbf571bbbb5f76",
        "type": "github"
      },
      "original": {
        "owner": "numtide",
        "repo": "devshell",
        "type": "github"
      }
    },
    "fabulator-src": {
      "flake": false,
      "locked": {
        "lastModified": 1754387121,
        "narHash": "sha256-ASM3lgvdH+6t4rkTixATETVGcibPVWhsFFD2sWfRDCc=",
        "owner": "FPGA-Research",
        "repo": "FABulator",
        "rev": "beccd4e4c58b9fc92fafaf082883c20367dbe5ba",
        "type": "github"
      },
      "original": {
        "owner": "FPGA-Research",
        "repo": "FABulator",
        "rev": "beccd4e4c58b9fc92fafaf082883c20367dbe5ba",
        "type": "github"
      }
    },
    "flake-compat": {
      "locked": {
        "lastModified": 1733328505,
        "narHash": "sha256-NeCCThCEP3eCl2l/+27kNNK7QrwZB1IJCrXfrbv5oqU=",
        "rev": "ff81ac966bb2cae68946d5ed5fc4994f96d0ffec",
        "revCount": 69,
        "type": "tarball",
        "url": "https://api.flakehub.com/f/pinned/edolstra/flake-compat/1.1.0/01948eb7-9cba-704f-bbf3-3fa956735b52/source.tar.gz"
      },
      "original": {
        "type": "tarball",
        "url": "https://flakehub.com/f/edolstra/flake-compat/1.tar.gz"
      }
    },
    "ghdl-bin-aarch64-darwin": {
      "flake": false,
      "locked": {
        "lastModified": 1772908613,
        "narHash": "sha256-2qfMjiGlOxRLoDuMNBwBefABuE61i9ZtPYw4tOhaDFI=",
        "type": "tarball",
        "url": "https://github.com/ghdl/ghdl/releases/download/v6.0.0/ghdl-llvm-jit-6.0.0-macos15-aarch64.tar.gz"
      },
      "original": {
        "type": "tarball",
        "url": "https://github.com/ghdl/ghdl/releases/download/v6.0.0/ghdl-llvm-jit-6.0.0-macos15-aarch64.tar.gz"
      }
    },
    "ghdl-bin-x86_64-linux": {
      "flake": false,
      "locked": {
        "lastModified": 1772908664,
        "narHash": "sha256-KwP6SEPS4tssAJIW46GmJpWe41zEyRQFGWv6/0eFTwQ=",
        "type": "tarball",
        "url": "https://github.com/ghdl/ghdl/releases/download/v6.0.0/ghdl-mcode-6.0.0-ubuntu24.04-x86_64.tar.gz"
      },
      "original": {
        "type": "tarball",
        "url": "https://github.com/ghdl/ghdl/releases/download/v6.0.0/ghdl-mcode-6.0.0-ubuntu24.04-x86_64.tar.gz"
      }
    },
    "ghdl-yosys-plugin-src": {
      "flake": false,
      "locked": {
        "lastModified": 1768124497,
        "narHash": "sha256-LETpUfpIezSxD4A9VYA/OvgN3aZd1YivPe2w973X3nk=",
        "owner": "ghdl",
        "repo": "ghdl-yosys-plugin",
        "rev": "07a30ed39fb6a078f1bf7e9e88ce9ed712380ec2",
        "type": "github"
      },
      "original": {
        "owner": "ghdl",
        "ref": "ghdl-v6.0.0",
        "repo": "ghdl-yosys-plugin",
        "type": "github"
      }
    },
    "librelane": {
      "inputs": {
        "ciel": "ciel",
        "devshell": "devshell",
        "flake-compat": "flake-compat",
        "nix-eda": "nix-eda"
      },
      "locked": {
        "lastModified": 1787598789,
        "narHash": "sha256-ef2+YcQdL6Nk1qc34oYjVJOCP7HKYyc9UgHQuJVUldA=",
        "owner": "librelane",
        "repo": "librelane",
        "rev": "33ab64861c5570d65de69295da9a46f5bad32ee3",
        "type": "github"
      },
      "original": {
        "owner": "librelane",
        "repo": "librelane",
        "type": "github"
      }
    },
    "nextpnr-src": {
      "flake": false,
      "locked": {
        "lastModified": 1788182991,
        "narHash": "sha256-DfnzgiQfnoco++6omIBhWkhUPuRCX2xA4Sbl6EWAFpQ=",
        "owner": "YosysHQ",
        "repo": "nextpnr",
        "rev": "8dbcee5c3c4415770b6fd06d5ccb2db89545b8ec",
        "type": "github"
      },
      "original": {
        "owner": "YosysHQ",
        "repo": "nextpnr",
        "type": "github"
      }
    },
    "nix-eda": {
      "inputs": {
        "nixpkgs": "nixpkgs"
      },
      "locked": {
        "lastModified": 1773918136,
        "narHash": "sha256-nSKBMGP8/ZC7qB3Lzd+FwM8REqOxlh8wpYDf2hlK6Gg=",
        "owner": "fossi-foundation",
        "repo": "nix-eda",
        "rev": "8f990fb77529c09e540e453cd836af9930ec58db",
        "type": "github"
      },
      "original": {
        "owner": "fossi-foundation",
        "ref": "6.11.0",
        "repo": "nix-eda",
        "type": "github"
      }
    },
    "nixpkgs": {
      "locked": {
        "lastModified": 1766201043,
        "narHash": "sha256-eplAP+rorKKd0gNjV3rA6+0WMzb1X1i16F5m5pASnjA=",
        "owner": "nixos",
        "repo": "nixpkgs",
        "rev": "b3aad468604d3e488d627c0b43984eb60e75e782",
        "type": "github"
      },
      "original": {
        "owner": "nixos",
        "ref": "nixos-25.11",
        "repo": "nixpkgs",
        "type": "github"
      }
    },
    "pyproject-build-systems": {
      "inputs": {
        "nixpkgs": [
          "nixpkgs"
        ],
        "pyproject-nix": [
          "pyproject-nix"
        ],
        "uv2nix": [
          "uv2nix"
        ]
      },
      "locked": {
        "lastModified": 1788149501,
        "narHash": "sha256-XKJP4KvhawV3pyVfraX3sflz05Rp7KP74gRt6QqKjNE=",
        "owner": "pyproject-nix",
        "repo": "build-system-pkgs",
        "rev": "150839ac67b5a34db56a55e8f6b7099a4e7878ab",
        "type": "github"
      },
      "original": {
        "owner": "pyproject-nix",
        "repo": "build-system-pkgs",
        "type": "github"
      }
    },
    "pyproject-nix": {
      "inputs": {
        "nixpkgs": [
          "nixpkgs"
        ]
      },
      "locked": {
        "lastModified": 1786031528,
        "narHash": "sha256-cROiHKO3UbIKqF5FG5NikvydzlfIj4EcR1Cty9qOVt4=",
        "owner": "pyproject-nix",
        "repo": "pyproject.nix",
        "rev": "1b1485546d85f6f6c7aadb10c4923dbc09633263",
        "type": "github"
      },
      "original": {
        "owner": "pyproject-nix",
        "repo": "pyproject.nix",
        "type": "github"
      }
    },
    "root": {
      "inputs": {
        "fabulator-src": "fabulator-src",
        "ghdl-bin-aarch64-darwin": "ghdl-bin-aarch64-darwin",
        "ghdl-bin-x86_64-linux": "ghdl-bin-x86_64-linux",
        "ghdl-yosys-plugin-src": "ghdl-yosys-plugin-src",
        "librelane": "librelane",
        "nextpnr-src": "nextpnr-src",
        "nix-eda": [
          "librelane",
          "nix-eda"
        ],
        "nixpkgs": [
          "librelane",
          "nix-eda",
          "nixpkgs"
        ],
        "pyproject-build-systems": "pyproject-build-systems",
        "pyproject-nix": "pyproject-nix",
        "uv2nix": "uv2nix",
        "yosys-src": "yosys-src"
      }
    },
    "uv2nix": {
      "inputs": {
        "nixpkgs": [
          "nixpkgs"
        ],
        "pyproject-nix": [
          "pyproject-nix"
        ]
      },
      "locked": {
        "lastModified": 1788001239,
        "narHash": "sha256-AELmsXPI546MhbC/ZXC7WRUkCz7d4rqKTHUmliIgPpI=",
        "owner": "pyproject-nix",
        "repo": "uv2nix",
        "rev": "7f9c6b613d2e749e54854b1d60ab6a2192db889e",
        "type": "github"
      },
      "original": {
        "owner": "pyproject-nix",
        "repo": "uv2nix",
        "type": "github"
      }
    },
    "yosys-src": {
      "flake": false,
      "locked": {
        "lastModified": 1783351082,
        "narHash": "sha256-vsAjDjo0im2Cw/ygg9ObxkGAiP6ZuDisvblMMC/aA0Q=",
        "ref": "refs/heads/main",
        "rev": "aa18c921a76a9790e3b877a378b9eec41c26f752",
        "revCount": 17398,
        "submodules": true,
        "type": "git",
        "url": "https://github.com/YosysHQ/yosys"
      },
      "original": {
        "submodules": true,
        "type": "git",
        "url": "https://github.com/YosysHQ/yosys"
      }
    }
  },
  "root": "root",
  "version": 7
}
